<?xml version="1.0" encoding="utf-8"?>
<Project ToolsVersion="4.0" xmlns="http://schemas.microsoft.com/developer/msbuild/2003">
  <ItemGroup>
    <Filter Include="ソース ファイル">
      <UniqueIdentifier>{4FC737F1-C7A5-4376-A066-2A32D752A2FF}</UniqueIdentifier>
      <Extensions>cpp;c;cc;cxx;def;odl;idl;hpj;bat;asm;asmx</Extensions>
    </Filter>
    <Filter Include="リソース ファイル">
      <UniqueIdentifier>{67DA6AB6-F800-4c08-8B7A-83BB121AAD01}</UniqueIdentifier>
      <Extensions>rc;ico;cur;bmp;dlg;rc2;rct;bin;rgs;gif;jpg;jpeg;jpe;resx;tiff;tif;png;wav;mfcribbon-ms</Extensions>
    </Filter>
    <Filter Include="ソース ファイル\shader">
      <UniqueIdentifier>{be8dbab0-e2c5-4f0a-ba5c-9d088206a132}</UniqueIdentifier>
    </Filter>
    <Filter Include="ソース ファイル\game_object">
      <UniqueIdentifier>{9be62ff7-833a-40e9-b113-b48d3a253d95}</UniqueIdentifier>
    </Filter>
    <Filter Include="ソース ファイル\scene">
      <UniqueIdentifier>{43a16863-bf59-4fd2-b0d2-7ca5df32ef11}</UniqueIdentifier>
    </Filter>
    <Filter Include="ソース ファイル\system">
      <UniqueIdentifier>{3b338078-e3f7-444b-90a2-8d87da456d93}</UniqueIdentifier>
    </Filter>
    <Filter Include="ソース ファイル\ヘッダー ファイル">
      <UniqueIdentifier>{93995380-89BD-4b04-88EB-625FBE52EBFB}</UniqueIdentifier>
      <Extensions>h;hh;hpp;hxx;hm;inl;inc;ipp;xsd</Extensions>
    </Filter>
    <Filter Include="ソース ファイル\system\Option">
      <UniqueIdentifier>{bbc1c2e4-b295-49d3-842e-9fc6d40ed767}</UniqueIdentifier>
    </Filter>
    <Filter Include="ソース ファイル\behavior">
      <UniqueIdentifier>{b7b83e80-0bef-47dd-827d-6a2a0b3fa7c9}</UniqueIdentifier>
    </Filter>
    <Filter Include="ソース ファイル\game_object\related_player">
      <UniqueIdentifier>{389f6036-7ea5-4dd4-bd75-4497e1276800}</UniqueIdentifier>
    </Filter>
    <Filter Include="ソース ファイル\astar">
      <UniqueIdentifier>{8fb1ac38-f725-4a1f-9bdc-fb3a334004ff}</UniqueIdentifier>
    </Filter>
  </ItemGroup>
  <ItemGroup>
    <ClCompile Include="manager.cpp">
      <Filter>ソース ファイル\system</Filter>
    </ClCompile>
    <ClCompile Include="main.cpp">
      <Filter>ソース ファイル\system</Filter>
    </ClCompile>
    <ClCompile Include="renderer.cpp">
      <Filter>ソース ファイル\system</Filter>
    </ClCompile>
    <ClCompile Include="camera.cpp">
      <Filter>ソース ファイル\game_object</Filter>
    </ClCompile>
    <ClCompile Include="enemy.cpp">
      <Filter>ソース ファイル\game_object</Filter>
    </ClCompile>
    <ClCompile Include="field.cpp">
      <Filter>ソース ファイル\game_object</Filter>
    </ClCompile>
    <ClCompile Include="model.cpp">
      <Filter>ソース ファイル\game_object</Filter>
    </ClCompile>
    <ClCompile Include="polygon2D.cpp">
      <Filter>ソース ファイル\game_object</Filter>
    </ClCompile>
    <ClCompile Include="wall.cpp">
      <Filter>ソース ファイル\game_object</Filter>
    </ClCompile>
    <ClCompile Include="input.cpp">
      <Filter>ソース ファイル\system</Filter>
    </ClCompile>
    <ClCompile Include="sky.cpp">
      <Filter>ソース ファイル\game_object</Filter>
    </ClCompile>
    <ClCompile Include="block.cpp">
      <Filter>ソース ファイル\game_object</Filter>
    </ClCompile>
    <ClCompile Include="game.cpp">
      <Filter>ソース ファイル\scene</Filter>
    </ClCompile>
    <ClCompile Include="result.cpp">
      <Filter>ソース ファイル\scene</Filter>
    </ClCompile>
    <ClCompile Include="title.cpp">
      <Filter>ソース ファイル\scene</Filter>
    </ClCompile>
    <ClCompile Include="titleLogo.cpp">
      <Filter>ソース ファイル\game_object</Filter>
    </ClCompile>
    <ClCompile Include="mouse.cpp">
      <Filter>ソース ファイル\system</Filter>
    </ClCompile>
    <ClCompile Include="audio.cpp">
      <Filter>ソース ファイル\game_object</Filter>
    </ClCompile>
    <ClCompile Include="resultLogo.cpp">
      <Filter>ソース ファイル\game_object</Filter>
    </ClCompile>
    <ClCompile Include="bullet.cpp">
      <Filter>ソース ファイル\game_object\related_player</Filter>
    </ClCompile>
    <ClCompile Include="player.cpp">
      <Filter>ソース ファイル\game_object\related_player</Filter>
    </ClCompile>
    <ClCompile Include="ink.cpp">
      <Filter>ソース ファイル\game_object\related_player</Filter>
    </ClCompile>
    <ClCompile Include="secondBullet.cpp">
      <Filter>ソース ファイル\game_object\related_player</Filter>
    </ClCompile>
    <ClCompile Include="crosshair.cpp">
      <Filter>ソース ファイル\game_object\related_player</Filter>
    </ClCompile>
    <ClCompile Include="explosion.cpp">
      <Filter>ソース ファイル\game_object\related_player</Filter>
    </ClCompile>
    <ClCompile Include="inkinTank.cpp">
      <Filter>ソース ファイル\game_object\related_player</Filter>
    </ClCompile>
    <ClCompile Include="tank.cpp">
      <Filter>ソース ファイル\game_object\related_player</Filter>
    </ClCompile>
    <ClCompile Include="bomb.cpp">
      <Filter>ソース ファイル\game_object\related_player</Filter>
    </ClCompile>
    <ClCompile Include="bombSplash.cpp">
      <Filter>ソース ファイル\game_object\related_player</Filter>
    </ClCompile>
    <ClCompile Include="enemyBullet.cpp">
      <Filter>ソース ファイル\game_object</Filter>
    </ClCompile>
    <ClCompile Include="fade.cpp">
      <Filter>ソース ファイル\system</Filter>
    </ClCompile>
    <ClCompile Include="option.cpp">
      <Filter>ソース ファイル\system\Option</Filter>
    </ClCompile>
    <ClCompile Include="optionBar.cpp">
      <Filter>ソース ファイル\system\Option</Filter>
    </ClCompile>
    <ClCompile Include="optionFrame.cpp">
      <Filter>ソース ファイル\system\Option</Filter>
    </ClCompile>
    <ClCompile Include="optionUI.cpp">
      <Filter>ソース ファイル\system\Option</Filter>
    </ClCompile>
    <ClCompile Include="animationModel.cpp">
      <Filter>ソース ファイル\game_object</Filter>
    </ClCompile>
    <ClCompile Include="meshField.cpp">
      <Filter>ソース ファイル\game_object</Filter>
    </ClCompile>
    <ClCompile Include="nodeBase.cpp">
      <Filter>ソース ファイル\behavior</Filter>
    </ClCompile>
    <ClCompile Include="behaviorTree.cpp">
      <Filter>ソース ファイル\behavior</Filter>
    </ClCompile>
    <ClCompile Include="behaviorData.cpp">
      <Filter>ソース ファイル\behavior</Filter>
    </ClCompile>
    <ClCompile Include="attackJudgment.cpp">
      <Filter>ソース ファイル\behavior</Filter>
    </ClCompile>
    <ClCompile Include="diveAction.cpp">
      <Filter>ソース ファイル\behavior</Filter>
    </ClCompile>
    <ClCompile Include="diveJudgment.cpp">
      <Filter>ソース ファイル\behavior</Filter>
    </ClCompile>
    <ClCompile Include="shotAction.cpp">
      <Filter>ソース ファイル\behavior</Filter>
    </ClCompile>
    <ClCompile Include="bombAction.cpp">
      <Filter>ソース ファイル\behavior</Filter>
    </ClCompile>
    <ClCompile Include="chaseJudgment.cpp">
      <Filter>ソース ファイル\behavior</Filter>
    </ClCompile>
    <ClCompile Include="enemyInk.cpp">
      <Filter>ソース ファイル\game_object</Filter>
    </ClCompile>
    <ClCompile Include="waitJudgment.cpp">
      <Filter>ソース ファイル\behavior</Filter>
    </ClCompile>
    <ClCompile Include="waitAction.cpp">
      <Filter>ソース ファイル\behavior</Filter>
    </ClCompile>
    <ClCompile Include="walkChaseAction.cpp">
      <Filter>ソース ファイル\behavior</Filter>
    </ClCompile>
    <ClCompile Include="shotJudgment.cpp">
      <Filter>ソース ファイル\behavior</Filter>
    </ClCompile>
    <ClCompile Include="enemySecondBullet.cpp">
      <Filter>ソース ファイル\game_object</Filter>
    </ClCompile>
    <ClCompile Include="walkJudgment.cpp">
      <Filter>ソース ファイル\behavior</Filter>
    </ClCompile>
    <ClCompile Include="enemyBomb.cpp">
      <Filter>ソース ファイル\game_object</Filter>
    </ClCompile>
    <ClCompile Include="enemyBombSplash.cpp">
      <Filter>ソース ファイル\game_object</Filter>
    </ClCompile>
    <ClCompile Include="titleLogo3D.cpp">
      <Filter>ソース ファイル\game_object</Filter>
    </ClCompile>
    <ClCompile Include="titleCamera.cpp">
      <Filter>ソース ファイル\game_object</Filter>
    </ClCompile>
    <ClCompile Include="inputBehavior.cpp">
      <Filter>ソース ファイル\behavior</Filter>
    </ClCompile>
    <ClCompile Include="enemyHpBar.cpp">
      <Filter>ソース ファイル\game_object</Filter>
    </ClCompile>
    <ClCompile Include="hpBar.cpp">
      <Filter>ソース ファイル\game_object\related_player</Filter>
    </ClCompile>
    <ClCompile Include="resultLogo3D.cpp">
      <Filter>ソース ファイル\game_object</Filter>
    </ClCompile>
    <ClCompile Include="aStar.cpp">
      <Filter>ソース ファイル\astar</Filter>
    </ClCompile>
    <ClCompile Include="pathfinderAction.cpp">
      <Filter>ソース ファイル\behavior</Filter>
    </ClCompile>
  </ItemGroup>
  <ItemGroup>
    <ClInclude Include="main.h">
      <Filter>ソース ファイル\system</Filter>
    </ClInclude>
    <ClInclude Include="manager.h">
      <Filter>ソース ファイル\system</Filter>
    </ClInclude>
    <ClInclude Include="renderer.h">
      <Filter>ソース ファイル\system</Filter>
    </ClInclude>
    <ClInclude Include="wall.h">
      <Filter>ソース ファイル\game_object</Filter>
    </ClInclude>
    <ClInclude Include="polygon2D.h">
      <Filter>ソース ファイル\game_object</Filter>
    </ClInclude>
    <ClInclude Include="model.h">
      <Filter>ソース ファイル\game_object</Filter>
    </ClInclude>
    <ClInclude Include="gameObject.h">
      <Filter>ソース ファイル\game_object</Filter>
    </ClInclude>
    <ClInclude Include="field.h">
      <Filter>ソース ファイル\game_object</Filter>
    </ClInclude>
    <ClInclude Include="enemy.h">
      <Filter>ソース ファイル\game_object</Filter>
    </ClInclude>
    <ClInclude Include="camera.h">
      <Filter>ソース ファイル\game_object</Filter>
    </ClInclude>
    <ClInclude Include="scene.h">
      <Filter>ソース ファイル\scene</Filter>
    </ClInclude>
    <ClInclude Include="input.h">
      <Filter>ソース ファイル\system</Filter>
    </ClInclude>
    <ClInclude Include="resource.h">
      <Filter>ソース ファイル\game_object</Filter>
    </ClInclude>
    <ClInclude Include="sky.h">
      <Filter>ソース ファイル\game_object</Filter>
    </ClInclude>
    <ClInclude Include="block.h">
      <Filter>ソース ファイル\game_object</Filter>
    </ClInclude>
    <ClInclude Include="title.h">
      <Filter>ソース ファイル\scene</Filter>
    </ClInclude>
    <ClInclude Include="game.h">
      <Filter>ソース ファイル\scene</Filter>
    </ClInclude>
    <ClInclude Include="result.h">
      <Filter>ソース ファイル\scene</Filter>
    </ClInclude>
    <ClInclude Include="titleLogo.h">
      <Filter>ソース ファイル\game_object</Filter>
    </ClInclude>
    <ClInclude Include="mouse.h">
      <Filter>ソース ファイル\system</Filter>
    </ClInclude>
    <ClInclude Include="audio.h">
      <Filter>ソース ファイル\game_object</Filter>
    </ClInclude>
    <ClInclude Include="bullet.h">
      <Filter>ソース ファイル\game_object\related_player</Filter>
    </ClInclude>
    <ClInclude Include="player.h">
      <Filter>ソース ファイル\game_object\related_player</Filter>
    </ClInclude>
    <ClInclude Include="ink.h">
      <Filter>ソース ファイル\game_object\related_player</Filter>
    </ClInclude>
    <ClInclude Include="secondBullet.h">
      <Filter>ソース ファイル\game_object\related_player</Filter>
    </ClInclude>
    <ClInclude Include="crosshair.h">
      <Filter>ソース ファイル\game_object\related_player</Filter>
    </ClInclude>
    <ClInclude Include="explosion.h">
      <Filter>ソース ファイル\game_object\related_player</Filter>
    </ClInclude>
    <ClInclude Include="inkinTank.h">
      <Filter>ソース ファイル\game_object\related_player</Filter>
    </ClInclude>
    <ClInclude Include="tank.h">
      <Filter>ソース ファイル\game_object\related_player</Filter>
    </ClInclude>
    <ClInclude Include="resultLogo.h">
      <Filter>ソース ファイル\game_object</Filter>
    </ClInclude>
    <ClInclude Include="bomb.h">
      <Filter>ソース ファイル\game_object\related_player</Filter>
    </ClInclude>
    <ClInclude Include="bombSplash.h">
      <Filter>ソース ファイル\game_object\related_player</Filter>
    </ClInclude>
    <ClInclude Include="enemyBullet.h">
      <Filter>ソース ファイル\game_object</Filter>
    </ClInclude>
    <ClInclude Include="fade.h">
      <Filter>ソース ファイル\system</Filter>
    </ClInclude>
    <ClInclude Include="option.h">
      <Filter>ソース ファイル\system\Option</Filter>
    </ClInclude>
    <ClInclude Include="optionBar.h">
      <Filter>ソース ファイル\system\Option</Filter>
    </ClInclude>
    <ClInclude Include="optionFrame.h">
      <Filter>ソース ファイル\system\Option</Filter>
    </ClInclude>
    <ClInclude Include="optionUI.h">
      <Filter>ソース ファイル\system\Option</Filter>
    </ClInclude>
    <ClInclude Include="animationModel.h">
      <Filter>ソース ファイル\game_object</Filter>
    </ClInclude>
    <ClInclude Include="meshField.h">
      <Filter>ソース ファイル\game_object</Filter>
    </ClInclude>
    <ClInclude Include="nodeBase.h">
      <Filter>ソース ファイル\behavior</Filter>
    </ClInclude>
    <ClInclude Include="actionBase.h">
      <Filter>ソース ファイル\behavior</Filter>
    </ClInclude>
    <ClInclude Include="behaviorTree.h">
      <Filter>ソース ファイル\behavior</Filter>
    </ClInclude>
    <ClInclude Include="behaviorData.h">
      <Filter>ソース ファイル\behavior</Filter>
    </ClInclude>
    <ClInclude Include="attackJudgment.h">
      <Filter>ソース ファイル\behavior</Filter>
    </ClInclude>
    <ClInclude Include="diveAction.h">
      <Filter>ソース ファイル\behavior</Filter>
    </ClInclude>
    <ClInclude Include="diveJudgment.h">
      <Filter>ソース ファイル\behavior</Filter>
    </ClInclude>
    <ClInclude Include="shotAction.h">
      <Filter>ソース ファイル\behavior</Filter>
    </ClInclude>
    <ClInclude Include="bombAction.h">
      <Filter>ソース ファイル\behavior</Filter>
    </ClInclude>
    <ClInclude Include="chaseJudgment.h">
      <Filter>ソース ファイル\behavior</Filter>
    </ClInclude>
    <ClInclude Include="enemyInk.h">
      <Filter>ソース ファイル\game_object</Filter>
    </ClInclude>
    <ClInclude Include="waitJudgment.h">
      <Filter>ソース ファイル\behavior</Filter>
    </ClInclude>
    <ClInclude Include="waitAction.h">
      <Filter>ソース ファイル\behavior</Filter>
    </ClInclude>
    <ClInclude Include="walkChaseAction.h">
      <Filter>ソース ファイル\behavior</Filter>
    </ClInclude>
    <ClInclude Include="shotJudgment.h">
      <Filter>ソース ファイル\behavior</Filter>
    </ClInclude>
    <ClInclude Include="enemySecondBullet.h">
      <Filter>ソース ファイル\game_object</Filter>
    </ClInclude>
    <ClInclude Include="walkJudgment.h">
      <Filter>ソース ファイル\behavior</Filter>
    </ClInclude>
    <ClInclude Include="enemyBomb.h">
      <Filter>ソース ファイル\game_object</Filter>
    </ClInclude>
    <ClInclude Include="enemyBombSplash.h">
      <Filter>ソース ファイル\game_object</Filter>
    </ClInclude>
    <ClInclude Include="titleLogo3D.h">
      <Filter>ソース ファイル\game_object</Filter>
    </ClInclude>
    <ClInclude Include="titleCamera.h">
      <Filter>ソース ファイル\game_object</Filter>
    </ClInclude>
    <ClInclude Include="inputBehavior.h">
      <Filter>ソース ファイル\behavior</Filter>
    </ClInclude>
    <ClInclude Include="enemyHpBar.h">
      <Filter>ソース ファイル\game_object</Filter>
    </ClInclude>
    <ClInclude Include="hpBar.h">
      <Filter>ソース ファイル\game_object\related_player</Filter>
    </ClInclude>
    <ClInclude Include="resultLogo3D.h">
      <Filter>ソース ファイル\game_object</Filter>
    </ClInclude>
    <ClInclude Include="execJudgmentBase.h">
      <Filter>ソース ファイル\behavior</Filter>
    </ClInclude>
    <ClInclude Include="aStar.h">
      <Filter>ソース ファイル\astar</Filter>
    </ClInclude>
    <ClInclude Include="pathfinderAction.h">
      <Filter>ソース ファイル\behavior</Filter>
    </ClInclude>
  </ItemGroup>
  <ItemGroup>
    <FxCompile Include="common.hlsl">
      <Filter>ソース ファイル\shader</Filter>
    </FxCompile>
    <FxCompile Include="unlitTexturePS.hlsl">
      <Filter>ソース ファイル\shader</Filter>
    </FxCompile>
    <FxCompile Include="unlitTextureVS.hlsl">
      <Filter>ソース ファイル\shader</Filter>
    </FxCompile>
    <FxCompile Include="vertexLightingPS.hlsl">
      <Filter>ソース ファイル\shader</Filter>
    </FxCompile>
    <FxCompile Include="vertexLightingVS.hlsl">
      <Filter>ソース ファイル\shader</Filter>
    </FxCompile>
    <FxCompile Include="unlitColorPS.hlsl">
      <Filter>ソース ファイル\shader</Filter>
    </FxCompile>
    <FxCompile Include="unlitColorVS.hlsl">
      <Filter>ソース ファイル\shader</Filter>
    </FxCompile>
    <FxCompile Include="pixelLightingBlinnPS.hlsl">
      <Filter>ソース ファイル\shader</Filter>
    </FxCompile>
    <FxCompile Include="pixelLightingBlinnVS.hlsl">
      <Filter>ソース ファイル\shader</Filter>
    </FxCompile>
    <FxCompile Include="pixelLightingPS.hlsl">
      <Filter>ソース ファイル\shader</Filter>
    </FxCompile>
    <FxCompile Include="pixelLightingRimPS.hlsl">
      <Filter>ソース ファイル\shader</Filter>
    </FxCompile>
    <FxCompile Include="pixelLightingRimVS.hlsl">
      <Filter>ソース ファイル\shader</Filter>
    </FxCompile>
    <FxCompile Include="pixelLightingVS.hlsl">
      <Filter>ソース ファイル\shader</Filter>
    </FxCompile>
    <FxCompile Include="envMappingPS.hlsl">
      <Filter>ソース ファイル\shader</Filter>
    </FxCompile>
    <FxCompile Include="envMappingPS2.hlsl">
      <Filter>ソース ファイル\shader</Filter>
    </FxCompile>
    <FxCompile Include="envMappingVS.hlsl">
      <Filter>ソース ファイル\shader</Filter>
    </FxCompile>
    <FxCompile Include="normalMappingPS.hlsl">
      <Filter>ソース ファイル\shader</Filter>
    </FxCompile>
    <FxCompile Include="normalMappingVS.hlsl">
      <Filter>ソース ファイル\shader</Filter>
    </FxCompile>
  </ItemGroup>
</Project>